# THIS IS AN AUTOGENERATED FILE. DO NOT EDIT THIS FILE DIRECTLY.
# yarn lockfile v1


axis.js@1.2.1:
  version "1.2.1"
  resolved "https://registry.yarnpkg.com/axis.js/-/axis.js-1.2.1.tgz#092de84493789e1f822aa2eee592c7e3bc4de8fb"
  integrity sha1-CS3oRJN4nh+CKqLu5ZLH47xN6Ps=

honeycomb-grid@^3.1.7:
  version "3.1.7"
  resolved "https://registry.yarnpkg.com/honeycomb-grid/-/honeycomb-grid-3.1.7.tgz#1a445bef2ca9c7dbedc29a32c9e4561c65c87317"
  integrity sha512-SJz1379TYlxfNljL6asdVciwRdqO0hACWcV3//nhf2yZuGJTgH+SmoPKg2E5ctwvYJ3tZz7mKUcrwEKR+0it5Q==
  dependencies:
    axis.js "1.2.1"
